{
  "object": {
    "pins": [
      {
        "package": "Kanna",
        "repositoryURL": "https://github.com/tid-kijyun/Kanna.git",
        "state": {
          "branch": null,
          "revision": "609367a2cd84827a33383cf7923cb4fe8f69ee0a",
          "version": "5.2.2"
        }
      },
      {
        "package": "SimplyLogger",
        "repositoryURL": "https://github.com/CodeNationDev/SimplyLogger.git",
        "state": {
          "branch": "main",
          "revision": "df17da267a374ec2bff9b5b4bb8a9b362566a786",
          "version": null
        }
      },
      {
        "package": "SwiftMagicHelpers",
        "repositoryURL": "https://github.com/CodeNationDev/SwiftMagicHelpers.git",
        "state": {
          "branch": "develop",
          "revision": "b6a2f8d4a39239bbcfb2708688a6af06d56ff416",
          "version": null
        }
      },
      {
        "package": "VaccineDataReader",
        "repositoryURL": "https://github.com/CodeNationDev/VaccineDataReader.git",
        "state": {
          "branch": null,
          "revision": "5137a92e3e5d236977e5cb358da1903653ea6c68",
          "version": "0.2.0"
        }
      }
    ]
  },
  "version": 1
}
